
Microsoft Visual Studio Solution File, Format Version 12.00
# Visual Studio Version 17
VisualStudioVersion = 17.1.32328.378
MinimumVisualStudioVersion = 10.0.40219.1
Project("{FAE04EC0-301F-11D3-BF4B-00C04F79EFBC}") = "pz4", "pz4\pz4.csproj", "{A7218EC8-7A18-4AFC-B246-CDF2AC2BF22F}"
EndProject
Global
	GlobalSection(SolutionConfigurationPlatforms) = preSolution
		Debug|Any CPU = Debug|Any CPU
		Release|Any CPU = Release|Any CPU
	EndGlobalSection
	GlobalSection(ProjectConfigurationPlatforms) = postSolution
		{A7218EC8-7A18-4AFC-B246-CDF2AC2BF22F}.Debug|Any CPU.ActiveCfg = Debug|Any CPU
		{A7218EC8-7A18-4AFC-B246-CDF2AC2BF22F}.Debug|Any CPU.Build.0 = Debug|Any CPU
		{A7218EC8-7A18-4AFC-B246-CDF2AC2BF22F}.Release|Any CPU.ActiveCfg = Release|Any CPU
		{A7218EC8-7A18-4AFC-B246-CDF2AC2BF22F}.Release|Any CPU.Build.0 = Release|Any CPU
	EndGlobalSection
	GlobalSection(SolutionProperties) = preSolution
		HideSolutionNode = FALSE
	EndGlobalSection
	GlobalSection(ExtensibilityGlobals) = postSolution
		SolutionGuid = {03B21D7D-0A27-4ECC-BF53-41FAFAF4DF7C}
	EndGlobalSection
EndGlobal
